
Microsoft Visual Studio Solution File, Format Version 12.00
# Visual Studio Version 16
VisualStudioVersion = 16.0.30907.101
MinimumVisualStudioVersion = 10.0.40219.1
Project("{FAE04EC0-301F-11D3-BF4B-00C04F79EFBC}") = "studentsGrades", "studentsGrades.csproj", "{2ACAA184-4ACE-4F4D-BD11-ABEC4DE47777}"
EndProject
Global
	GlobalSection(SolutionConfigurationPlatforms) = preSolution
		Debug|Any CPU = Debug|Any CPU
		Release|Any CPU = Release|Any CPU
	EndGlobalSection
	GlobalSection(ProjectConfigurationPlatforms) = postSolution
		{2ACAA184-4ACE-4F4D-BD11-ABEC4DE47777}.Debug|Any CPU.ActiveCfg = Debug|Any CPU
		{2ACAA184-4ACE-4F4D-BD11-ABEC4DE47777}.Debug|Any CPU.Build.0 = Debug|Any CPU
		{2ACAA184-4ACE-4F4D-BD11-ABEC4DE47777}.Release|Any CPU.ActiveCfg = Release|Any CPU
		{2ACAA184-4ACE-4F4D-BD11-ABEC4DE47777}.Release|Any CPU.Build.0 = Release|Any CPU
	EndGlobalSection
	GlobalSection(SolutionProperties) = preSolution
		HideSolutionNode = FALSE
	EndGlobalSection
	GlobalSection(ExtensibilityGlobals) = postSolution
		SolutionGuid = {F29BF53A-39E3-4BCD-93DD-D6919A92889D}
	EndGlobalSection
EndGlobal
